
Microsoft Visual Studio Solution File, Format Version 12.00
Project("{FAE04EC0-301F-11D3-BF4B-00C04F79EFBC}") = "ParkingApp", "ParkingApp\ParkingApp.csproj", "{78763F37-9BBE-4EA2-9EA2-88AE2AA60772}"
EndProject
Global
	GlobalSection(SolutionConfigurationPlatforms) = preSolution
		Debug|Any CPU = Debug|Any CPU
		Release|Any CPU = Release|Any CPU
	EndGlobalSection
	GlobalSection(ProjectConfigurationPlatforms) = postSolution
		{78763F37-9BBE-4EA2-9EA2-88AE2AA60772}.Debug|Any CPU.ActiveCfg = Debug|Any CPU
		{78763F37-9BBE-4EA2-9EA2-88AE2AA60772}.Debug|Any CPU.Build.0 = Debug|Any CPU
		{78763F37-9BBE-4EA2-9EA2-88AE2AA60772}.Release|Any CPU.ActiveCfg = Release|Any CPU
		{78763F37-9BBE-4EA2-9EA2-88AE2AA60772}.Release|Any CPU.Build.0 = Release|Any CPU
	EndGlobalSection
EndGlobal
